
Microsoft Visual Studio Solution File, Format Version 12.00
# Visual Studio Version 16
VisualStudioVersion = 16.0.33529.622
MinimumVisualStudioVersion = 10.0.40219.1
Project("{FAE04EC0-301F-11D3-BF4B-00C04F79EFBC}") = "FilmArsivim", "FilmArsivim\FilmArsivim.csproj", "{DA2B39A9-0D82-46DA-A8F5-1BEDAEA1F057}"
EndProject
Global
	GlobalSection(SolutionConfigurationPlatforms) = preSolution
		Debug|Any CPU = Debug|Any CPU
		Release|Any CPU = Release|Any CPU
	EndGlobalSection
	GlobalSection(ProjectConfigurationPlatforms) = postSolution
		{DA2B39A9-0D82-46DA-A8F5-1BEDAEA1F057}.Debug|Any CPU.ActiveCfg = Debug|Any CPU
		{DA2B39A9-0D82-46DA-A8F5-1BEDAEA1F057}.Debug|Any CPU.Build.0 = Debug|Any CPU
		{DA2B39A9-0D82-46DA-A8F5-1BEDAEA1F057}.Release|Any CPU.ActiveCfg = Release|Any CPU
		{DA2B39A9-0D82-46DA-A8F5-1BEDAEA1F057}.Release|Any CPU.Build.0 = Release|Any CPU
	EndGlobalSection
	GlobalSection(SolutionProperties) = preSolution
		HideSolutionNode = FALSE
	EndGlobalSection
	GlobalSection(ExtensibilityGlobals) = postSolution
		SolutionGuid = {6C4D678B-C096-406E-934C-5FC3656AC350}
	EndGlobalSection
EndGlobal
